
Microsoft Visual Studio Solution File, Format Version 12.00
# Visual Studio Version 17
VisualStudioVersion = 17.2.32630.192
MinimumVisualStudioVersion = 10.0.40219.1
Project("{9A19103F-16F7-4668-BE54-9A1E7A4F7556}") = "Namo.Plugin.InPlayerEpisodePreview", "Namo.Plugin.InPlayerEpisodePreview\Namo.Plugin.InPlayerEpisodePreview.csproj", "{DF526B2C-5F30-40A0-ACDA-17D8933962B1}"
EndProject
Global
	GlobalSection(SolutionConfigurationPlatforms) = preSolution
		Debug|Any CPU = Debug|Any CPU
		Debug|x64 = Debug|x64
		Release|Any CPU = Release|Any CPU
		Release|x64 = Release|x64
	EndGlobalSection
	GlobalSection(ProjectConfigurationPlatforms) = postSolution
		{DF526B2C-5F30-40A0-ACDA-17D8933962B1}.Debug|Any CPU.ActiveCfg = Debug|Any CPU
		{DF526B2C-5F30-40A0-ACDA-17D8933962B1}.Debug|Any CPU.Build.0 = Debug|Any CPU
		{DF526B2C-5F30-40A0-ACDA-17D8933962B1}.Debug|x64.ActiveCfg = Debug|Any CPU
		{DF526B2C-5F30-40A0-ACDA-17D8933962B1}.Debug|x64.Build.0 = Debug|Any CPU
		{DF526B2C-5F30-40A0-ACDA-17D8933962B1}.Release|Any CPU.ActiveCfg = Release|Any CPU
		{DF526B2C-5F30-40A0-ACDA-17D8933962B1}.Release|Any CPU.Build.0 = Release|Any CPU
		{DF526B2C-5F30-40A0-ACDA-17D8933962B1}.Release|x64.ActiveCfg = Release|Any CPU
		{DF526B2C-5F30-40A0-ACDA-17D8933962B1}.Release|x64.Build.0 = Release|Any CPU
	EndGlobalSection
	GlobalSection(SolutionProperties) = preSolution
		HideSolutionNode = FALSE
	EndGlobalSection
	GlobalSection(ExtensibilityGlobals) = postSolution
		SolutionGuid = {9BC84320-622C-488E-BD8F-A2A6E26799AA}
	EndGlobalSection
EndGlobal
